// !$*UTF8*$!
{
	archiveVersion = 1;
	classes = {
	};
	objectVersion = 55;
	objects = {

/* Begin PBXBuildFile section */
		C407362528C8DA7C008942A4 /* MessageCell.swift in Sources */ = {isa = PBXBuildFile; fileRef = C407362428C8DA7C008942A4 /* MessageCell.swift */; };
		C4403FA528C26FF70004C292 /* GoogleService-Info.plist in Resources */ = {isa = PBXBuildFile; fileRef = C4403FA428C26FF70004C292 /* GoogleService-Info.plist */; };
		C4484AFD28C342FA004EEDC6 /* AuthService.swift in Sources */ = {isa = PBXBuildFile; fileRef = C4484AFC28C342FA004EEDC6 /* AuthService.swift */; };
		C456B98128C46D0500C1A1EF /* User.swift in Sources */ = {isa = PBXBuildFile; fileRef = C456B98028C46D0500C1A1EF /* User.swift */; };
		C456B98328C46DB600C1A1EF /* Service.swift in Sources */ = {isa = PBXBuildFile; fileRef = C456B98228C46DB600C1A1EF /* Service.swift */; };
		C465A8C228C0D910006C4CD6 /* RegistrationViewModel.swift in Sources */ = {isa = PBXBuildFile; fileRef = C465A8C128C0D910006C4CD6 /* RegistrationViewModel.swift */; };
		C468CACF28BA8AE900867B4E /* LoginController.swift in Sources */ = {isa = PBXBuildFile; fileRef = C468CACE28BA8AE900867B4E /* LoginController.swift */; };
		C468CAD228BA8B1000867B4E /* RegistrationController.swift in Sources */ = {isa = PBXBuildFile; fileRef = C468CAD128BA8B1000867B4E /* RegistrationController.swift */; };
		C46E6FDC28C3BE2A00F3D052 /* NewMessageController.swift in Sources */ = {isa = PBXBuildFile; fileRef = C46E6FDB28C3BE2A00F3D052 /* NewMessageController.swift */; };
		C46E6FDE28C3CF7800F3D052 /* UserCell.swift in Sources */ = {isa = PBXBuildFile; fileRef = C46E6FDD28C3CF7800F3D052 /* UserCell.swift */; };
		C476FB0728BE75CB002EAF5A /* LoginViewModel.swift in Sources */ = {isa = PBXBuildFile; fileRef = C476FB0628BE75CB002EAF5A /* LoginViewModel.swift */; };
		C4781B9828C7B0030071C8FD /* ChatController.swift in Sources */ = {isa = PBXBuildFile; fileRef = C4781B9728C7B0030071C8FD /* ChatController.swift */; };
		C4781B9A28C7D57E0071C8FD /* CustomInputAccessoryView.swift in Sources */ = {isa = PBXBuildFile; fileRef = C4781B9928C7D57E0071C8FD /* CustomInputAccessoryView.swift */; };
		C47D538F28F0B7550058D8B3 /* ConversationCell.swift in Sources */ = {isa = PBXBuildFile; fileRef = C47D538E28F0B7550058D8B3 /* ConversationCell.swift */; };
		C47D539128F0BCB80058D8B3 /* ConversationViewModel.swift in Sources */ = {isa = PBXBuildFile; fileRef = C47D539028F0BCB80058D8B3 /* ConversationViewModel.swift */; };
		C4814ECF28BB516300912F8B /* InputContainerView.swift in Sources */ = {isa = PBXBuildFile; fileRef = C4814ECE28BB516300912F8B /* InputContainerView.swift */; };
		C4814ED128BB587300912F8B /* CustomTextField.swift in Sources */ = {isa = PBXBuildFile; fileRef = C4814ED028BB587300912F8B /* CustomTextField.swift */; };
		C488050228BD5C000037ABD9 /* Extension.swift in Sources */ = {isa = PBXBuildFile; fileRef = C488050128BD5C000037ABD9 /* Extension.swift */; };
		C494291D28C902FE0003548A /* Message.swift in Sources */ = {isa = PBXBuildFile; fileRef = C494291C28C902FE0003548A /* Message.swift */; };
		C494291F28C90BA90003548A /* MessageViewModel.swift in Sources */ = {isa = PBXBuildFile; fileRef = C494291E28C90BA90003548A /* MessageViewModel.swift */; };
		C49B016A28D2D9E300DC72A4 /* Constants.swift in Sources */ = {isa = PBXBuildFile; fileRef = C49B016928D2D9E300DC72A4 /* Constants.swift */; };
		C4A0B7FC28F16A84001B4D8D /* ProfileViewModel.swift in Sources */ = {isa = PBXBuildFile; fileRef = C4A0B7FB28F16A84001B4D8D /* ProfileViewModel.swift */; };
		C4A0B7FE28F16E8E001B4D8D /* ProfileCell.swift in Sources */ = {isa = PBXBuildFile; fileRef = C4A0B7FD28F16E8E001B4D8D /* ProfileCell.swift */; };
		C4BC91BB28B9D8E900BDCD81 /* AppDelegate.swift in Sources */ = {isa = PBXBuildFile; fileRef = C4BC91BA28B9D8E900BDCD81 /* AppDelegate.swift */; };
		C4BC91C428B9D8ED00BDCD81 /* Assets.xcassets in Resources */ = {isa = PBXBuildFile; fileRef = C4BC91C328B9D8ED00BDCD81 /* Assets.xcassets */; };
		C4BC91C728B9D8ED00BDCD81 /* LaunchScreen.storyboard in Resources */ = {isa = PBXBuildFile; fileRef = C4BC91C528B9D8ED00BDCD81 /* LaunchScreen.storyboard */; };
		C4BC91D628B9DA3A00BDCD81 /* ConversationsController.swift in Sources */ = {isa = PBXBuildFile; fileRef = C4BC91D528B9DA3A00BDCD81 /* ConversationsController.swift */; };
		C4F7EFA728F1450700E8923C /* ProfileController.swift in Sources */ = {isa = PBXBuildFile; fileRef = C4F7EFA628F1450700E8923C /* ProfileController.swift */; };
		C4F7EFA928F1468E00E8923C /* ProfileHeader.swift in Sources */ = {isa = PBXBuildFile; fileRef = C4F7EFA828F1468E00E8923C /* ProfileHeader.swift */; };
		C83B6D20830D04C63C0C39F4 /* Pods_FireChat_Swift.framework in Frameworks */ = {isa = PBXBuildFile; fileRef = 27DC48847E049FC480E4D71F /* Pods_FireChat_Swift.framework */; };
/* End PBXBuildFile section */

/* Begin PBXFileReference section */
		0CA7221CF44680F049FF4BDB /* Pods-FireChat-Swift.debug.xcconfig */ = {isa = PBXFileReference; includeInIndex = 1; lastKnownFileType = text.xcconfig; name = "Pods-FireChat-Swift.debug.xcconfig"; path = "Target Support Files/Pods-FireChat-Swift/Pods-FireChat-Swift.debug.xcconfig"; sourceTree = "<group>"; };
		1163DB03F9D8DDCE1875F29C /* Pods-FireChat-Swift.release.xcconfig */ = {isa = PBXFileReference; includeInIndex = 1; lastKnownFileType = text.xcconfig; name = "Pods-FireChat-Swift.release.xcconfig"; path = "Target Support Files/Pods-FireChat-Swift/Pods-FireChat-Swift.release.xcconfig"; sourceTree = "<group>"; };
		27DC48847E049FC480E4D71F /* Pods_FireChat_Swift.framework */ = {isa = PBXFileReference; explicitFileType = wrapper.framework; includeInIndex = 0; path = Pods_FireChat_Swift.framework; sourceTree = BUILT_PRODUCTS_DIR; };
		C407362428C8DA7C008942A4 /* MessageCell.swift */ = {isa = PBXFileReference; lastKnownFileType = sourcecode.swift; path = MessageCell.swift; sourceTree = "<group>"; };
		C4403FA428C26FF70004C292 /* GoogleService-Info.plist */ = {isa = PBXFileReference; fileEncoding = 4; lastKnownFileType = text.plist.xml; path = "GoogleService-Info.plist"; sourceTree = "<group>"; };
		C4484AFC28C342FA004EEDC6 /* AuthService.swift */ = {isa = PBXFileReference; lastKnownFileType = sourcecode.swift; path = AuthService.swift; sourceTree = "<group>"; };
		C456B98028C46D0500C1A1EF /* User.swift */ = {isa = PBXFileReference; lastKnownFileType = sourcecode.swift; path = User.swift; sourceTree = "<group>"; };
		C456B98228C46DB600C1A1EF /* Service.swift */ = {isa = PBXFileReference; lastKnownFileType = sourcecode.swift; path = Service.swift; sourceTree = "<group>"; };
		C465A8C128C0D910006C4CD6 /* RegistrationViewModel.swift */ = {isa = PBXFileReference; lastKnownFileType = sourcecode.swift; path = RegistrationViewModel.swift; sourceTree = "<group>"; };
		C468CACE28BA8AE900867B4E /* LoginController.swift */ = {isa = PBXFileReference; lastKnownFileType = sourcecode.swift; path = LoginController.swift; sourceTree = "<group>"; };
		C468CAD128BA8B1000867B4E /* RegistrationController.swift */ = {isa = PBXFileReference; lastKnownFileType = sourcecode.swift; path = RegistrationController.swift; sourceTree = "<group>"; };
		C46E6FDB28C3BE2A00F3D052 /* NewMessageController.swift */ = {isa = PBXFileReference; lastKnownFileType = sourcecode.swift; path = NewMessageController.swift; sourceTree = "<group>"; };
		C46E6FDD28C3CF7800F3D052 /* UserCell.swift */ = {isa = PBXFileReference; lastKnownFileType = sourcecode.swift; path = UserCell.swift; sourceTree = "<group>"; };
		C476FB0628BE75CB002EAF5A /* LoginViewModel.swift */ = {isa = PBXFileReference; lastKnownFileType = sourcecode.swift; path = LoginViewModel.swift; sourceTree = "<group>"; };
		C4781B9728C7B0030071C8FD /* ChatController.swift */ = {isa = PBXFileReference; lastKnownFileType = sourcecode.swift; path = ChatController.swift; sourceTree = "<group>"; };
		C4781B9928C7D57E0071C8FD /* CustomInputAccessoryView.swift */ = {isa = PBXFileReference; lastKnownFileType = sourcecode.swift; path = CustomInputAccessoryView.swift; sourceTree = "<group>"; };
		C47D538E28F0B7550058D8B3 /* ConversationCell.swift */ = {isa = PBXFileReference; lastKnownFileType = sourcecode.swift; path = ConversationCell.swift; sourceTree = "<group>"; };
		C47D539028F0BCB80058D8B3 /* ConversationViewModel.swift */ = {isa = PBXFileReference; lastKnownFileType = sourcecode.swift; path = ConversationViewModel.swift; sourceTree = "<group>"; };
		C4814ECE28BB516300912F8B /* InputContainerView.swift */ = {isa = PBXFileReference; lastKnownFileType = sourcecode.swift; path = InputContainerView.swift; sourceTree = "<group>"; };
		C4814ED028BB587300912F8B /* CustomTextField.swift */ = {isa = PBXFileReference; lastKnownFileType = sourcecode.swift; path = CustomTextField.swift; sourceTree = "<group>"; };
		C488050128BD5C000037ABD9 /* Extension.swift */ = {isa = PBXFileReference; lastKnownFileType = sourcecode.swift; path = Extension.swift; sourceTree = "<group>"; };
		C494291C28C902FE0003548A /* Message.swift */ = {isa = PBXFileReference; lastKnownFileType = sourcecode.swift; path = Message.swift; sourceTree = "<group>"; };
		C494291E28C90BA90003548A /* MessageViewModel.swift */ = {isa = PBXFileReference; lastKnownFileType = sourcecode.swift; path = MessageViewModel.swift; sourceTree = "<group>"; };
		C49B016928D2D9E300DC72A4 /* Constants.swift */ = {isa = PBXFileReference; lastKnownFileType = sourcecode.swift; path = Constants.swift; sourceTree = "<group>"; };
		C4A0B7FB28F16A84001B4D8D /* ProfileViewModel.swift */ = {isa = PBXFileReference; lastKnownFileType = sourcecode.swift; path = ProfileViewModel.swift; sourceTree = "<group>"; };
		C4A0B7FD28F16E8E001B4D8D /* ProfileCell.swift */ = {isa = PBXFileReference; lastKnownFileType = sourcecode.swift; path = ProfileCell.swift; sourceTree = "<group>"; };
		C4BC91B728B9D8E900BDCD81 /* FireChat-Swift.app */ = {isa = PBXFileReference; explicitFileType = wrapper.application; includeInIndex = 0; path = "FireChat-Swift.app"; sourceTree = BUILT_PRODUCTS_DIR; };
		C4BC91BA28B9D8E900BDCD81 /* AppDelegate.swift */ = {isa = PBXFileReference; lastKnownFileType = sourcecode.swift; path = AppDelegate.swift; sourceTree = "<group>"; };
		C4BC91C328B9D8ED00BDCD81 /* Assets.xcassets */ = {isa = PBXFileReference; lastKnownFileType = folder.assetcatalog; path = Assets.xcassets; sourceTree = "<group>"; };
		C4BC91C628B9D8ED00BDCD81 /* Base */ = {isa = PBXFileReference; lastKnownFileType = file.storyboard; name = Base; path = Base.lproj/LaunchScreen.storyboard; sourceTree = "<group>"; };
		C4BC91C828B9D8ED00BDCD81 /* Info.plist */ = {isa = PBXFileReference; lastKnownFileType = text.plist.xml; path = Info.plist; sourceTree = "<group>"; };
		C4BC91D528B9DA3A00BDCD81 /* ConversationsController.swift */ = {isa = PBXFileReference; lastKnownFileType = sourcecode.swift; path = ConversationsController.swift; sourceTree = "<group>"; };
		C4F7EFA628F1450700E8923C /* ProfileController.swift */ = {isa = PBXFileReference; lastKnownFileType = sourcecode.swift; path = ProfileController.swift; sourceTree = "<group>"; };
		C4F7EFA828F1468E00E8923C /* ProfileHeader.swift */ = {isa = PBXFileReference; lastKnownFileType = sourcecode.swift; path = ProfileHeader.swift; sourceTree = "<group>"; };
/* End PBXFileReference section */

/* Begin PBXFrameworksBuildPhase section */
		C4BC91B428B9D8E900BDCD81 /* Frameworks */ = {
			isa = PBXFrameworksBuildPhase;
			buildActionMask = 2147483647;
			files = (
				C83B6D20830D04C63C0C39F4 /* Pods_FireChat_Swift.framework in Frameworks */,
			);
			runOnlyForDeploymentPostprocessing = 0;
		};
/* End PBXFrameworksBuildPhase section */

/* Begin PBXGroup section */
		0567DD3CFD0D32A7E0523045 /* Frameworks */ = {
			isa = PBXGroup;
			children = (
				27DC48847E049FC480E4D71F /* Pods_FireChat_Swift.framework */,
			);
			name = Frameworks;
			sourceTree = "<group>";
		};
		90A4EFBF53FDD77C901377C0 /* Pods */ = {
			isa = PBXGroup;
			children = (
				0CA7221CF44680F049FF4BDB /* Pods-FireChat-Swift.debug.xcconfig */,
				1163DB03F9D8DDCE1875F29C /* Pods-FireChat-Swift.release.xcconfig */,
			);
			path = Pods;
			sourceTree = "<group>";
		};
		C465A8C328C0D91E006C4CD6 /* Authentication */ = {
			isa = PBXGroup;
			children = (
				C476FB0628BE75CB002EAF5A /* LoginViewModel.swift */,
				C465A8C128C0D910006C4CD6 /* RegistrationViewModel.swift */,
			);
			path = Authentication;
			sourceTree = "<group>";
		};
		C468CAD028BA8AF400867B4E /* Authentication */ = {
			isa = PBXGroup;
			children = (
				C468CACE28BA8AE900867B4E /* LoginController.swift */,
				C468CAD128BA8B1000867B4E /* RegistrationController.swift */,
			);
			path = Authentication;
			sourceTree = "<group>";
		};
		C4BC91AE28B9D8E900BDCD81 = {
			isa = PBXGroup;
			children = (
				C4BC91B928B9D8E900BDCD81 /* FireChat-Swift */,
				C4BC91B828B9D8E900BDCD81 /* Products */,
				90A4EFBF53FDD77C901377C0 /* Pods */,
				0567DD3CFD0D32A7E0523045 /* Frameworks */,
			);
			sourceTree = "<group>";
		};
		C4BC91B828B9D8E900BDCD81 /* Products */ = {
			isa = PBXGroup;
			children = (
				C4BC91B728B9D8E900BDCD81 /* FireChat-Swift.app */,
			);
			name = Products;
			sourceTree = "<group>";
		};
		C4BC91B928B9D8E900BDCD81 /* FireChat-Swift */ = {
			isa = PBXGroup;
			children = (
				C4BC91D328B9D97000BDCD81 /* Model */,
				C4BC91D228B9D96A00BDCD81 /* View */,
				C4BC91D128B9D95D00BDCD81 /* ViewModel */,
				C4BC91D028B9D95500BDCD81 /* Controller */,
				C4BC91CF28B9D94E00BDCD81 /* API */,
				C4BC91CE28B9D94200BDCD81 /* Utils */,
				C4BC91D428B9D97700BDCD81 /* Files */,
			);
			path = "FireChat-Swift";
			sourceTree = "<group>";
		};
		C4BC91CE28B9D94200BDCD81 /* Utils */ = {
			isa = PBXGroup;
			children = (
				C488050128BD5C000037ABD9 /* Extension.swift */,
				C49B016928D2D9E300DC72A4 /* Constants.swift */,
			);
			path = Utils;
			sourceTree = "<group>";
		};
		C4BC91CF28B9D94E00BDCD81 /* API */ = {
			isa = PBXGroup;
			children = (
				C4484AFC28C342FA004EEDC6 /* AuthService.swift */,
				C456B98228C46DB600C1A1EF /* Service.swift */,
			);
			path = API;
			sourceTree = "<group>";
		};
		C4BC91D028B9D95500BDCD81 /* Controller */ = {
			isa = PBXGroup;
			children = (
				C468CAD028BA8AF400867B4E /* Authentication */,
				C4BC91D528B9DA3A00BDCD81 /* ConversationsController.swift */,
				C46E6FDB28C3BE2A00F3D052 /* NewMessageController.swift */,
				C4781B9728C7B0030071C8FD /* ChatController.swift */,
				C4F7EFA628F1450700E8923C /* ProfileController.swift */,
			);
			path = Controller;
			sourceTree = "<group>";
		};
		C4BC91D128B9D95D00BDCD81 /* ViewModel */ = {
			isa = PBXGroup;
			children = (
				C465A8C328C0D91E006C4CD6 /* Authentication */,
				C494291E28C90BA90003548A /* MessageViewModel.swift */,
				C47D539028F0BCB80058D8B3 /* ConversationViewModel.swift */,
				C4A0B7FB28F16A84001B4D8D /* ProfileViewModel.swift */,
			);
			path = ViewModel;
			sourceTree = "<group>";
		};
		C4BC91D228B9D96A00BDCD81 /* View */ = {
			isa = PBXGroup;
			children = (
				C4814ECE28BB516300912F8B /* InputContainerView.swift */,
				C4814ED028BB587300912F8B /* CustomTextField.swift */,
				C46E6FDD28C3CF7800F3D052 /* UserCell.swift */,
				C4781B9928C7D57E0071C8FD /* CustomInputAccessoryView.swift */,
				C407362428C8DA7C008942A4 /* MessageCell.swift */,
				C47D538E28F0B7550058D8B3 /* ConversationCell.swift */,
				C4F7EFA828F1468E00E8923C /* ProfileHeader.swift */,
				C4A0B7FD28F16E8E001B4D8D /* ProfileCell.swift */,
			);
			path = View;
			sourceTree = "<group>";
		};
		C4BC91D328B9D97000BDCD81 /* Model */ = {
			isa = PBXGroup;
			children = (
				C456B98028C46D0500C1A1EF /* User.swift */,
				C494291C28C902FE0003548A /* Message.swift */,
			);
			path = Model;
			sourceTree = "<group>";
		};
		C4BC91D428B9D97700BDCD81 /* Files */ = {
			isa = PBXGroup;
			children = (
				C4BC91BA28B9D8E900BDCD81 /* AppDelegate.swift */,
				C4BC91C328B9D8ED00BDCD81 /* Assets.xcassets */,
				C4BC91C528B9D8ED00BDCD81 /* LaunchScreen.storyboard */,
				C4BC91C828B9D8ED00BDCD81 /* Info.plist */,
				C4403FA428C26FF70004C292 /* GoogleService-Info.plist */,
			);
			name = Files;
			sourceTree = "<group>";
		};
/* End PBXGroup section */

/* Begin PBXNativeTarget section */
		C4BC91B628B9D8E900BDCD81 /* FireChat-Swift */ = {
			isa = PBXNativeTarget;
			buildConfigurationList = C4BC91CB28B9D8ED00BDCD81 /* Build configuration list for PBXNativeTarget "FireChat-Swift" */;
			buildPhases = (
				2847C6233914642DF13993AF /* [CP] Check Pods Manifest.lock */,
				C4BC91B328B9D8E900BDCD81 /* Sources */,
				C4BC91B428B9D8E900BDCD81 /* Frameworks */,
				C4BC91B528B9D8E900BDCD81 /* Resources */,
				27275B9080253A5DB2F897A7 /* [CP] Embed Pods Frameworks */,
			);
			buildRules = (
			);
			dependencies = (
			);
			name = "FireChat-Swift";
			productName = "FireChat-Swift";
			productReference = C4BC91B728B9D8E900BDCD81 /* FireChat-Swift.app */;
			productType = "com.apple.product-type.application";
		};
/* End PBXNativeTarget section */

/* Begin PBXProject section */
		C4BC91AF28B9D8E900BDCD81 /* Project object */ = {
			isa = PBXProject;
			attributes = {
				BuildIndependentTargetsInParallel = 1;
				LastSwiftUpdateCheck = 1340;
				LastUpgradeCheck = 1340;
				TargetAttributes = {
					C4BC91B628B9D8E900BDCD81 = {
						CreatedOnToolsVersion = 13.4.1;
					};
				};
			};
			buildConfigurationList = C4BC91B228B9D8E900BDCD81 /* Build configuration list for PBXProject "FireChat-Swift" */;
			compatibilityVersion = "Xcode 13.0";
			developmentRegion = en;
			hasScannedForEncodings = 0;
			knownRegions = (
				en,
				Base,
			);
			mainGroup = C4BC91AE28B9D8E900BDCD81;
			productRefGroup = C4BC91B828B9D8E900BDCD81 /* Products */;
			projectDirPath = "";
			projectRoot = "";
			targets = (
				C4BC91B628B9D8E900BDCD81 /* FireChat-Swift */,
			);
		};
/* End PBXProject section */

/* Begin PBXResourcesBuildPhase section */
		C4BC91B528B9D8E900BDCD81 /* Resources */ = {
			isa = PBXResourcesBuildPhase;
			buildActionMask = 2147483647;
			files = (
				C4BC91C728B9D8ED00BDCD81 /* LaunchScreen.storyboard in Resources */,
				C4BC91C428B9D8ED00BDCD81 /* Assets.xcassets in Resources */,
				C4403FA528C26FF70004C292 /* GoogleService-Info.plist in Resources */,
			);
			runOnlyForDeploymentPostprocessing = 0;
		};
/* End PBXResourcesBuildPhase section */

/* Begin PBXShellScriptBuildPhase section */
		27275B9080253A5DB2F897A7 /* [CP] Embed Pods Frameworks */ = {
			isa = PBXShellScriptBuildPhase;
			buildActionMask = 2147483647;
			files = (
			);
			inputFileListPaths = (
				"${PODS_ROOT}/Target Support Files/Pods-FireChat-Swift/Pods-FireChat-Swift-frameworks-${CONFIGURATION}-input-files.xcfilelist",
			);
			name = "[CP] Embed Pods Frameworks";
			outputFileListPaths = (
				"${PODS_ROOT}/Target Support Files/Pods-FireChat-Swift/Pods-FireChat-Swift-frameworks-${CONFIGURATION}-output-files.xcfilelist",
			);
			runOnlyForDeploymentPostprocessing = 0;
			shellPath = /bin/sh;
			shellScript = "\"${PODS_ROOT}/Target Support Files/Pods-FireChat-Swift/Pods-FireChat-Swift-frameworks.sh\"\n";
			showEnvVarsInLog = 0;
		};
		2847C6233914642DF13993AF /* [CP] Check Pods Manifest.lock */ = {
			isa = PBXShellScriptBuildPhase;
			buildActionMask = 2147483647;
			files = (
			);
			inputFileListPaths = (
			);
			inputPaths = (
				"${PODS_PODFILE_DIR_PATH}/Podfile.lock",
				"${PODS_ROOT}/Manifest.lock",
			);
			name = "[CP] Check Pods Manifest.lock";
			outputFileListPaths = (
			);
			outputPaths = (
				"$(DERIVED_FILE_DIR)/Pods-FireChat-Swift-checkManifestLockResult.txt",
			);
			runOnlyForDeploymentPostprocessing = 0;
			shellPath = /bin/sh;
			shellScript = "diff \"${PODS_PODFILE_DIR_PATH}/Podfile.lock\" \"${PODS_ROOT}/Manifest.lock\" > /dev/null\nif [ $? != 0 ] ; then\n    # print error to STDERR\n    echo \"error: The sandbox is not in sync with the Podfile.lock. Run 'pod install' or update your CocoaPods installation.\" >&2\n    exit 1\nfi\n# This output is used by Xcode 'outputs' to avoid re-running this script phase.\necho \"SUCCESS\" > \"${SCRIPT_OUTPUT_FILE_0}\"\n";
			showEnvVarsInLog = 0;
		};
/* End PBXShellScriptBuildPhase section */

/* Begin PBXSourcesBuildPhase section */
		C4BC91B328B9D8E900BDCD81 /* Sources */ = {
			isa = PBXSourcesBuildPhase;
			buildActionMask = 2147483647;
			files = (
				C456B98128C46D0500C1A1EF /* User.swift in Sources */,
				C456B98328C46DB600C1A1EF /* Service.swift in Sources */,
				C4BC91D628B9DA3A00BDCD81 /* ConversationsController.swift in Sources */,
				C494291D28C902FE0003548A /* Message.swift in Sources */,
				C465A8C228C0D910006C4CD6 /* RegistrationViewModel.swift in Sources */,
				C468CACF28BA8AE900867B4E /* LoginController.swift in Sources */,
				C46E6FDC28C3BE2A00F3D052 /* NewMessageController.swift in Sources */,
				C488050228BD5C000037ABD9 /* Extension.swift in Sources */,
				C4F7EFA928F1468E00E8923C /* ProfileHeader.swift in Sources */,
				C4814ED128BB587300912F8B /* CustomTextField.swift in Sources */,
				C4F7EFA728F1450700E8923C /* ProfileController.swift in Sources */,
				C4781B9828C7B0030071C8FD /* ChatController.swift in Sources */,
				C476FB0728BE75CB002EAF5A /* LoginViewModel.swift in Sources */,
				C4A0B7FE28F16E8E001B4D8D /* ProfileCell.swift in Sources */,
				C468CAD228BA8B1000867B4E /* RegistrationController.swift in Sources */,
				C4A0B7FC28F16A84001B4D8D /* ProfileViewModel.swift in Sources */,
				C4781B9A28C7D57E0071C8FD /* CustomInputAccessoryView.swift in Sources */,
				C494291F28C90BA90003548A /* MessageViewModel.swift in Sources */,
				C46E6FDE28C3CF7800F3D052 /* UserCell.swift in Sources */,
				C49B016A28D2D9E300DC72A4 /* Constants.swift in Sources */,
				C407362528C8DA7C008942A4 /* MessageCell.swift in Sources */,
				C47D539128F0BCB80058D8B3 /* ConversationViewModel.swift in Sources */,
				C4484AFD28C342FA004EEDC6 /* AuthService.swift in Sources */,
				C4BC91BB28B9D8E900BDCD81 /* AppDelegate.swift in Sources */,
				C4814ECF28BB516300912F8B /* InputContainerView.swift in Sources */,
				C47D538F28F0B7550058D8B3 /* ConversationCell.swift in Sources */,
			);
			runOnlyForDeploymentPostprocessing = 0;
		};
/* End PBXSourcesBuildPhase section */

/* Begin PBXVariantGroup section */
		C4BC91C528B9D8ED00BDCD81 /* LaunchScreen.storyboard */ = {
			isa = PBXVariantGroup;
			children = (
				C4BC91C628B9D8ED00BDCD81 /* Base */,
			);
			name = LaunchScreen.storyboard;
			sourceTree = "<group>";
		};
/* End PBXVariantGroup section */

/* Begin XCBuildConfiguration section */
		C4BC91C928B9D8ED00BDCD81 /* Debug */ = {
			isa = XCBuildConfiguration;
			buildSettings = {
				ALWAYS_SEARCH_USER_PATHS = NO;
				CLANG_ANALYZER_NONNULL = YES;
				CLANG_ANALYZER_NUMBER_OBJECT_CONVERSION = YES_AGGRESSIVE;
				CLANG_CXX_LANGUAGE_STANDARD = "gnu++17";
				CLANG_ENABLE_MODULES = YES;
				CLANG_ENABLE_OBJC_ARC = YES;
				CLANG_ENABLE_OBJC_WEAK = YES;
				CLANG_WARN_BLOCK_CAPTURE_AUTORELEASING = YES;
				CLANG_WARN_BOOL_CONVERSION = YES;
				CLANG_WARN_COMMA = YES;
				CLANG_WARN_CONSTANT_CONVERSION = YES;
				CLANG_WARN_DEPRECATED_OBJC_IMPLEMENTATIONS = YES;
				CLANG_WARN_DIRECT_OBJC_ISA_USAGE = YES_ERROR;
				CLANG_WARN_DOCUMENTATION_COMMENTS = YES;
				CLANG_WARN_EMPTY_BODY = YES;
				CLANG_WARN_ENUM_CONVERSION = YES;
				CLANG_WARN_INFINITE_RECURSION = YES;
				CLANG_WARN_INT_CONVERSION = YES;
				CLANG_WARN_NON_LITERAL_NULL_CONVERSION = YES;
				CLANG_WARN_OBJC_IMPLICIT_RETAIN_SELF = YES;
				CLANG_WARN_OBJC_LITERAL_CONVERSION = YES;
				CLANG_WARN_OBJC_ROOT_CLASS = YES_ERROR;
				CLANG_WARN_QUOTED_INCLUDE_IN_FRAMEWORK_HEADER = YES;
				CLANG_WARN_RANGE_LOOP_ANALYSIS = YES;
				CLANG_WARN_STRICT_PROTOTYPES = YES;
				CLANG_WARN_SUSPICIOUS_MOVE = YES;
				CLANG_WARN_UNGUARDED_AVAILABILITY = YES_AGGRESSIVE;
				CLANG_WARN_UNREACHABLE_CODE = YES;
				CLANG_WARN__DUPLICATE_METHOD_MATCH = YES;
				COPY_PHASE_STRIP = NO;
				DEBUG_INFORMATION_FORMAT = dwarf;
				ENABLE_STRICT_OBJC_MSGSEND = YES;
				ENABLE_TESTABILITY = YES;
				GCC_C_LANGUAGE_STANDARD = gnu11;
				GCC_DYNAMIC_NO_PIC = NO;
				GCC_NO_COMMON_BLOCKS = YES;
				GCC_OPTIMIZATION_LEVEL = 0;
				GCC_PREPROCESSOR_DEFINITIONS = (
					"DEBUG=1",
					"$(inherited)",
				);
				GCC_WARN_64_TO_32_BIT_CONVERSION = YES;
				GCC_WARN_ABOUT_RETURN_TYPE = YES_ERROR;
				GCC_WARN_UNDECLARED_SELECTOR = YES;
				GCC_WARN_UNINITIALIZED_AUTOS = YES_AGGRESSIVE;
				GCC_WARN_UNUSED_FUNCTION = YES;
				GCC_WARN_UNUSED_VARIABLE = YES;
				IPHONEOS_DEPLOYMENT_TARGET = 15.5;
				MTL_ENABLE_DEBUG_INFO = INCLUDE_SOURCE;
				MTL_FAST_MATH = YES;
				ONLY_ACTIVE_ARCH = YES;
				SDKROOT = iphoneos;
				SWIFT_ACTIVE_COMPILATION_CONDITIONS = DEBUG;
				SWIFT_OPTIMIZATION_LEVEL = "-Onone";
			};
			name = Debug;
		};
		C4BC91CA28B9D8ED00BDCD81 /* Release */ = {
			isa = XCBuildConfiguration;
			buildSettings = {
				ALWAYS_SEARCH_USER_PATHS = NO;
				CLANG_ANALYZER_NONNULL = YES;
				CLANG_ANALYZER_NUMBER_OBJECT_CONVERSION = YES_AGGRESSIVE;
				CLANG_CXX_LANGUAGE_STANDARD = "gnu++17";
				CLANG_ENABLE_MODULES = YES;
				CLANG_ENABLE_OBJC_ARC = YES;
				CLANG_ENABLE_OBJC_WEAK = YES;
				CLANG_WARN_BLOCK_CAPTURE_AUTORELEASING = YES;
				CLANG_WARN_BOOL_CONVERSION = YES;
				CLANG_WARN_COMMA = YES;
				CLANG_WARN_CONSTANT_CONVERSION = YES;
				CLANG_WARN_DEPRECATED_OBJC_IMPLEMENTATIONS = YES;
				CLANG_WARN_DIRECT_OBJC_ISA_USAGE = YES_ERROR;
				CLANG_WARN_DOCUMENTATION_COMMENTS = YES;
				CLANG_WARN_EMPTY_BODY = YES;
				CLANG_WARN_ENUM_CONVERSION = YES;
				CLANG_WARN_INFINITE_RECURSION = YES;
				CLANG_WARN_INT_CONVERSION = YES;
				CLANG_WARN_NON_LITERAL_NULL_CONVERSION = YES;
				CLANG_WARN_OBJC_IMPLICIT_RETAIN_SELF = YES;
				CLANG_WARN_OBJC_LITERAL_CONVERSION = YES;
				CLANG_WARN_OBJC_ROOT_CLASS = YES_ERROR;
				CLANG_WARN_QUOTED_INCLUDE_IN_FRAMEWORK_HEADER = YES;
				CLANG_WARN_RANGE_LOOP_ANALYSIS = YES;
				CLANG_WARN_STRICT_PROTOTYPES = YES;
				CLANG_WARN_SUSPICIOUS_MOVE = YES;
				CLANG_WARN_UNGUARDED_AVAILABILITY = YES_AGGRESSIVE;
				CLANG_WARN_UNREACHABLE_CODE = YES;
				CLANG_WARN__DUPLICATE_METHOD_MATCH = YES;
				COPY_PHASE_STRIP = NO;
				DEBUG_INFORMATION_FORMAT = "dwarf-with-dsym";
				ENABLE_NS_ASSERTIONS = NO;
				ENABLE_STRICT_OBJC_MSGSEND = YES;
				GCC_C_LANGUAGE_STANDARD = gnu11;
				GCC_NO_COMMON_BLOCKS = YES;
				GCC_WARN_64_TO_32_BIT_CONVERSION = YES;
				GCC_WARN_ABOUT_RETURN_TYPE = YES_ERROR;
				GCC_WARN_UNDECLARED_SELECTOR = YES;
				GCC_WARN_UNINITIALIZED_AUTOS = YES_AGGRESSIVE;
				GCC_WARN_UNUSED_FUNCTION = YES;
				GCC_WARN_UNUSED_VARIABLE = YES;
				IPHONEOS_DEPLOYMENT_TARGET = 15.5;
				MTL_ENABLE_DEBUG_INFO = NO;
				MTL_FAST_MATH = YES;
				SDKROOT = iphoneos;
				SWIFT_COMPILATION_MODE = wholemodule;
				SWIFT_OPTIMIZATION_LEVEL = "-O";
				VALIDATE_PRODUCT = YES;
			};
			name = Release;
		};
		C4BC91CC28B9D8ED00BDCD81 /* Debug */ = {
			isa = XCBuildConfiguration;
			baseConfigurationReference = 0CA7221CF44680F049FF4BDB /* Pods-FireChat-Swift.debug.xcconfig */;
			buildSettings = {
				ASSETCATALOG_COMPILER_APPICON_NAME = AppIcon;
				ASSETCATALOG_COMPILER_GLOBAL_ACCENT_COLOR_NAME = AccentColor;
				CODE_SIGN_STYLE = Automatic;
				CURRENT_PROJECT_VERSION = 1;
				DEVELOPMENT_TEAM = 5XZHHC4623;
				GENERATE_INFOPLIST_FILE = YES;
				INFOPLIST_FILE = "FireChat-Swift/Info.plist";
				INFOPLIST_KEY_UIApplicationSupportsIndirectInputEvents = YES;
				INFOPLIST_KEY_UILaunchStoryboardName = LaunchScreen;
				INFOPLIST_KEY_UISupportedInterfaceOrientations_iPad = "UIInterfaceOrientationPortrait UIInterfaceOrientationPortraitUpsideDown UIInterfaceOrientationLandscapeLeft UIInterfaceOrientationLandscapeRight";
				INFOPLIST_KEY_UISupportedInterfaceOrientations_iPhone = "UIInterfaceOrientationPortrait UIInterfaceOrientationLandscapeLeft UIInterfaceOrientationLandscapeRight";
				LD_RUNPATH_SEARCH_PATHS = (
					"$(inherited)",
					"@executable_path/Frameworks",
				);
				MARKETING_VERSION = 1.0;
				PRODUCT_BUNDLE_IDENTIFIER = "com.hakkicansengonul.FireChat-Swift";
				PRODUCT_NAME = "$(TARGET_NAME)";
				SWIFT_EMIT_LOC_STRINGS = YES;
				SWIFT_VERSION = 5.0;
				TARGETED_DEVICE_FAMILY = "1,2";
			};
			name = Debug;
		};
		C4BC91CD28B9D8ED00BDCD81 /* Release */ = {
			isa = XCBuildConfiguration;
			baseConfigurationReference = 1163DB03F9D8DDCE1875F29C /* Pods-FireChat-Swift.release.xcconfig */;
			buildSettings = {
				ASSETCATALOG_COMPILER_APPICON_NAME = AppIcon;
				ASSETCATALOG_COMPILER_GLOBAL_ACCENT_COLOR_NAME = AccentColor;
				CODE_SIGN_STYLE = Automatic;
				CURRENT_PROJECT_VERSION = 1;
				DEVELOPMENT_TEAM = 5XZHHC4623;
				GENERATE_INFOPLIST_FILE = YES;
				INFOPLIST_FILE = "FireChat-Swift/Info.plist";
				INFOPLIST_KEY_UIApplicationSupportsIndirectInputEvents = YES;
				INFOPLIST_KEY_UILaunchStoryboardName = LaunchScreen;
				INFOPLIST_KEY_UISupportedInterfaceOrientations_iPad = "UIInterfaceOrientationPortrait UIInterfaceOrientationPortraitUpsideDown UIInterfaceOrientationLandscapeLeft UIInterfaceOrientationLandscapeRight";
				INFOPLIST_KEY_UISupportedInterfaceOrientations_iPhone = "UIInterfaceOrientationPortrait UIInterfaceOrientationLandscapeLeft UIInterfaceOrientationLandscapeRight";
				LD_RUNPATH_SEARCH_PATHS = (
					"$(inherited)",
					"@executable_path/Frameworks",
				);
				MARKETING_VERSION = 1.0;
				PRODUCT_BUNDLE_IDENTIFIER = "com.hakkicansengonul.FireChat-Swift";
				PRODUCT_NAME = "$(TARGET_NAME)";
				SWIFT_EMIT_LOC_STRINGS = YES;
				SWIFT_VERSION = 5.0;
				TARGETED_DEVICE_FAMILY = "1,2";
			};
			name = Release;
		};
/* End XCBuildConfiguration section */

/* Begin XCConfigurationList section */
		C4BC91B228B9D8E900BDCD81 /* Build configuration list for PBXProject "FireChat-Swift" */ = {
			isa = XCConfigurationList;
			buildConfigurations = (
				C4BC91C928B9D8ED00BDCD81 /* Debug */,
				C4BC91CA28B9D8ED00BDCD81 /* Release */,
			);
			defaultConfigurationIsVisible = 0;
			defaultConfigurationName = Release;
		};
		C4BC91CB28B9D8ED00BDCD81 /* Build configuration list for PBXNativeTarget "FireChat-Swift" */ = {
			isa = XCConfigurationList;
			buildConfigurations = (
				C4BC91CC28B9D8ED00BDCD81 /* Debug */,
				C4BC91CD28B9D8ED00BDCD81 /* Release */,
			);
			defaultConfigurationIsVisible = 0;
			defaultConfigurationName = Release;
		};
/* End XCConfigurationList section */
	};
	rootObject = C4BC91AF28B9D8E900BDCD81 /* Project object */;
}
